{
  "nodes": {
    "eldarica": {
      "inputs": {
        "eldarica": "eldarica_2",
        "flake-schemas": "flake-schemas",
        "nixpkgs": "nixpkgs",
        "sbt": "sbt"
      },
      "locked": {
        "dir": "eldarica",
        "lastModified": 1721727565,
        "narHash": "sha256-2eNc2lY/cu1jobzWqCzmPHNl4fOQdMdGnOKX3qXfhJs=",
        "owner": "KenSakayori",
        "repo": "flakes",
        "rev": "2e702a9e26f788f6f9e038b99eb9dec0ed70ed9c",
        "type": "github"
      },
      "original": {
        "dir": "eldarica",
        "owner": "KenSakayori",
        "repo": "flakes",
        "type": "github"
      }
    },
    "eldarica_2": {
      "flake": false,
      "locked": {
        "lastModified": 1721232285,
        "narHash": "sha256-TmX9zyzWxOXD9suRN1X9nTlYM/YUCVdbNbLnd2I5zAw=",
        "owner": "uuverifiers",
        "repo": "eldarica",
        "rev": "1f0a06efceb46d6aa19d9cd0f945aa61fbf19d50",
        "type": "github"
      },
      "original": {
        "owner": "uuverifiers",
        "repo": "eldarica",
        "type": "github"
      }
    },
    "flake-compat": {
      "flake": false,
      "locked": {
        "lastModified": 1627913399,
        "narHash": "sha256-hY8g6H2KFL8ownSiFeMOjwPC8P0ueXpCVEbxgda3pko=",
        "owner": "edolstra",
        "repo": "flake-compat",
        "rev": "12c64ca55c1014cdc1b16ed5a804aa8576601ff2",
        "type": "github"
      },
      "original": {
        "owner": "edolstra",
        "repo": "flake-compat",
        "type": "github"
      }
    },
    "flake-schemas": {
      "locked": {
        "lastModified": 1721078157,
        "narHash": "sha256-c2AZH9cOnSpPXV8Lwy19/I8EgW7G+E+Zh6YQBZZwzxI=",
        "rev": "29e53dd33b1a38f235ef073e768c62821cb6146e",
        "revCount": 66,
        "type": "tarball",
        "url": "https://api.flakehub.com/f/pinned/DeterminateSystems/flake-schemas/0.1.3/0190b841-54d3-7b7a-8550-24942bc38caf/source.tar.gz"
      },
      "original": {
        "type": "tarball",
        "url": "https://flakehub.com/f/DeterminateSystems/flake-schemas/%2A.tar.gz"
      }
    },
    "flake-schemas_2": {
      "locked": {
        "lastModified": 1697467827,
        "narHash": "sha256-j8SR19V1SRysyJwpOBF4TLuAvAjF5t+gMiboN4gYQDU=",
        "rev": "764932025c817d4e500a8d2a4d8c565563923d29",
        "revCount": 29,
        "type": "tarball",
        "url": "https://api.flakehub.com/f/pinned/DeterminateSystems/flake-schemas/0.1.2/018b3da8-4cc3-7fbb-8ff7-1588413c53e2/source.tar.gz"
      },
      "original": {
        "type": "tarball",
        "url": "https://flakehub.com/f/DeterminateSystems/flake-schemas/%2A.tar.gz"
      }
    },
    "flake-utils": {
      "locked": {
        "lastModified": 1667395993,
        "narHash": "sha256-nuEHfE/LcWyuSWnS8t12N1wc105Qtau+/OdUAjtQ0rA=",
        "owner": "numtide",
        "repo": "flake-utils",
        "rev": "5aed5285a952e0b949eb3ba02c12fa4fcfef535f",
        "type": "github"
      },
      "original": {
        "owner": "numtide",
        "repo": "flake-utils",
        "type": "github"
      }
    },
    "flake-utils_2": {
      "inputs": {
        "systems": "systems"
      },
      "locked": {
        "lastModified": 1710146030,
        "narHash": "sha256-SZ5L6eA7HJ/nmkzGG7/ISclqe6oZdOZTNoesiInkXPQ=",
        "owner": "numtide",
        "repo": "flake-utils",
        "rev": "b1d9ab70662946ef0850d488da1c9019f3a9752a",
        "type": "github"
      },
      "original": {
        "owner": "numtide",
        "repo": "flake-utils",
        "type": "github"
      }
    },
    "flake-utils_3": {
      "inputs": {
        "systems": "systems_2"
      },
      "locked": {
        "lastModified": 1705309234,
        "narHash": "sha256-uNRRNRKmJyCRC/8y1RqBkqWBLM034y4qN7EprSdmgyA=",
        "owner": "numtide",
        "repo": "flake-utils",
        "rev": "1ef2e671c3b0c19053962c07dbda38332dcebf26",
        "type": "github"
      },
      "original": {
        "owner": "numtide",
        "repo": "flake-utils",
        "type": "github"
      }
    },
    "flake-utils_4": {
      "locked": {
        "lastModified": 1638122382,
        "narHash": "sha256-sQzZzAbvKEqN9s0bzWuYmRaA03v40gaJ4+iL1LXjaeI=",
        "owner": "numtide",
        "repo": "flake-utils",
        "rev": "74f7e4319258e287b0f9cb95426c9853b282730b",
        "type": "github"
      },
      "original": {
        "owner": "numtide",
        "repo": "flake-utils",
        "type": "github"
      }
    },
    "hoice": {
      "inputs": {
        "flake-schemas": "flake-schemas_2",
        "hoice": "hoice_2",
        "nixpkgs": "nixpkgs_2",
        "rust-overlay": "rust-overlay"
      },
      "locked": {
        "dir": "hoice",
        "lastModified": 1721727565,
        "narHash": "sha256-2eNc2lY/cu1jobzWqCzmPHNl4fOQdMdGnOKX3qXfhJs=",
        "owner": "KenSakayori",
        "repo": "flakes",
        "rev": "2e702a9e26f788f6f9e038b99eb9dec0ed70ed9c",
        "type": "github"
      },
      "original": {
        "dir": "hoice",
        "owner": "KenSakayori",
        "repo": "flakes",
        "type": "github"
      }
    },
    "hoice_2": {
      "flake": false,
      "locked": {
        "lastModified": 1695635339,
        "narHash": "sha256-FDGN0brP5ve6xBkRI5Jg7ZBm4ElWTVvHvIZLoLQU56E=",
        "owner": "hopv",
        "repo": "hoice",
        "rev": "bc18c477c6e9efd0e157db71872b880285126dbd",
        "type": "github"
      },
      "original": {
        "owner": "hopv",
        "repo": "hoice",
        "type": "github"
      }
    },
    "mirage-opam-overlays": {
      "flake": false,
      "locked": {
        "lastModified": 1661959605,
        "narHash": "sha256-CPTuhYML3F4J58flfp3ZbMNhkRkVFKmBEYBZY5tnQwA=",
        "owner": "dune-universe",
        "repo": "mirage-opam-overlays",
        "rev": "05f1c1823d891ce4d8adab91f5db3ac51d86dc0b",
        "type": "github"
      },
      "original": {
        "owner": "dune-universe",
        "repo": "mirage-opam-overlays",
        "type": "github"
      }
    },
    "nixpkgs": {
      "locked": {
        "lastModified": 1721701671,
        "narHash": "sha256-b3YlA+FXmfUECrFkRNkB9l4sHzzuMUcU7PvI4He8oCc=",
        "owner": "NixOS",
        "repo": "nixpkgs",
        "rev": "2874fc48ccff3f513a05ba7af1f6e44bf44044af",
        "type": "github"
      },
      "original": {
        "owner": "NixOS",
        "repo": "nixpkgs",
        "type": "github"
      }
    },
    "nixpkgs_2": {
      "locked": {
        "lastModified": 1708294118,
        "narHash": "sha256-evZzmLW7qoHXf76VCepvun1esZDxHfVRFUJtumD7L2M=",
        "rev": "e0da498ad77ac8909a980f07eff060862417ccf7",
        "revCount": 555878,
        "type": "tarball",
        "url": "https://api.flakehub.com/f/pinned/NixOS/nixpkgs/0.2311.555878%2Brev-e0da498ad77ac8909a980f07eff060862417ccf7/018dc208-7d9b-7b50-b6ba-496aa2db6fca/source.tar.gz"
      },
      "original": {
        "type": "tarball",
        "url": "https://flakehub.com/f/NixOS/nixpkgs/%2A.tar.gz"
      }
    },
    "nixpkgs_3": {
      "locked": {
        "lastModified": 1682362401,
        "narHash": "sha256-/UMUHtF2CyYNl4b60Z2y4wwTTdIWGKhj9H301EDcT9M=",
        "owner": "nixos",
        "repo": "nixpkgs",
        "rev": "884ac294018409e0d1adc0cae185439a44bd6b0b",
        "type": "github"
      },
      "original": {
        "owner": "nixos",
        "ref": "nixos-unstable",
        "repo": "nixpkgs",
        "type": "github"
      }
    },
    "opam-nix": {
      "inputs": {
        "flake-compat": "flake-compat",
        "flake-utils": "flake-utils_4",
        "mirage-opam-overlays": "mirage-opam-overlays",
        "nixpkgs": "nixpkgs_3",
        "opam-overlays": "opam-overlays",
        "opam-repository": "opam-repository",
        "opam2json": "opam2json"
      },
      "locked": {
        "lastModified": 1716292162,
        "narHash": "sha256-UOJNCbqvxABD56JZtZkv3C9ufdqrs7/Ep4AKkCHgPuo=",
        "owner": "tweag",
        "repo": "opam-nix",
        "rev": "1d3cbd6d3f247db77cb581c88c9a1d72e4acad60",
        "type": "github"
      },
      "original": {
        "owner": "tweag",
        "repo": "opam-nix",
        "type": "github"
      }
    },
    "opam-overlays": {
      "flake": false,
      "locked": {
        "lastModified": 1654162756,
        "narHash": "sha256-RV68fUK+O3zTx61iiHIoS0LvIk0E4voMp+0SwRg6G6c=",
        "owner": "dune-universe",
        "repo": "opam-overlays",
        "rev": "c8f6ef0fc5272f254df4a971a47de7848cc1c8a4",
        "type": "github"
      },
      "original": {
        "owner": "dune-universe",
        "repo": "opam-overlays",
        "type": "github"
      }
    },
    "opam-repository": {
      "flake": false,
      "locked": {
        "lastModified": 1705008664,
        "narHash": "sha256-TTjTal49QK2U0yVOmw6rJhTGYM7tnj3Kv9DiEEiLt7E=",
        "owner": "ocaml",
        "repo": "opam-repository",
        "rev": "fa77046c6497f8ca32926acdb7eb1e61777d4c17",
        "type": "github"
      },
      "original": {
        "owner": "ocaml",
        "repo": "opam-repository",
        "type": "github"
      }
    },
    "opam2json": {
      "inputs": {
        "nixpkgs": [
          "opam-nix",
          "nixpkgs"
        ]
      },
      "locked": {
        "lastModified": 1671540003,
        "narHash": "sha256-5pXfbUfpVABtKbii6aaI2EdAZTjHJ2QntEf0QD2O5AM=",
        "owner": "tweag",
        "repo": "opam2json",
        "rev": "819d291ea95e271b0e6027679de6abb4d4f7f680",
        "type": "github"
      },
      "original": {
        "owner": "tweag",
        "repo": "opam2json",
        "type": "github"
      }
    },
    "ppx-cmdliner": {
      "flake": false,
      "locked": {
        "lastModified": 1654372307,
        "narHash": "sha256-c9JkjArl96SDA3IGXbwJPey1bF+62qP3m95aP8XdOnY=",
        "owner": "hammerlab",
        "repo": "ppx_deriving_cmdliner",
        "rev": "1f086651fe7f8dd98e371b09c6fcc4dbc6db1c7c",
        "type": "github"
      },
      "original": {
        "owner": "hammerlab",
        "repo": "ppx_deriving_cmdliner",
        "type": "github"
      }
    },
    "rethfl": {
      "flake": false,
      "locked": {
        "lastModified": 1721494978,
        "narHash": "sha256-v3ti6g7p3BNgKJBRlfFT8ykc7GUoHmP4+ggRolW2OoM=",
        "owner": "hopv",
        "repo": "rethfl",
        "rev": "a5fc24138807a064f5e5b76978ba0aa665d04e1a",
        "type": "github"
      },
      "original": {
        "owner": "hopv",
        "repo": "rethfl",
        "type": "github"
      }
    },
    "root": {
      "inputs": {
        "eldarica": "eldarica",
        "flake-utils": "flake-utils_2",
        "hoice": "hoice",
        "nixpkgs": [
          "opam-nix",
          "nixpkgs"
        ],
        "opam-nix": "opam-nix",
        "ppx-cmdliner": "ppx-cmdliner",
        "rethfl": "rethfl"
      }
    },
    "rust-overlay": {
      "inputs": {
        "flake-utils": "flake-utils_3",
        "nixpkgs": [
          "hoice",
          "nixpkgs"
        ]
      },
      "locked": {
        "lastModified": 1708395022,
        "narHash": "sha256-pxHZbfDsLAAcyWz+snbudxhQPlAnK2nWGAqRx11veac=",
        "owner": "oxalica",
        "repo": "rust-overlay",
        "rev": "b4ae18c03af976549a0b6e396b2b5be56d275f8b",
        "type": "github"
      },
      "original": {
        "owner": "oxalica",
        "repo": "rust-overlay",
        "type": "github"
      }
    },
    "sbt": {
      "inputs": {
        "flake-utils": "flake-utils",
        "nixpkgs": [
          "eldarica",
          "nixpkgs"
        ]
      },
      "locked": {
        "lastModified": 1698464090,
        "narHash": "sha256-Pnej7WZIPomYWg8f/CZ65sfW85IfIUjYhphMMg7/LT0=",
        "owner": "zaninime",
        "repo": "sbt-derivation",
        "rev": "6762cf2c31de50efd9ff905cbcc87239995a4ef9",
        "type": "github"
      },
      "original": {
        "owner": "zaninime",
        "repo": "sbt-derivation",
        "type": "github"
      }
    },
    "systems": {
      "locked": {
        "lastModified": 1681028828,
        "narHash": "sha256-Vy1rq5AaRuLzOxct8nz4T6wlgyUR7zLU309k9mBC768=",
        "owner": "nix-systems",
        "repo": "default",
        "rev": "da67096a3b9bf56a91d16901293e51ba5b49a27e",
        "type": "github"
      },
      "original": {
        "owner": "nix-systems",
        "repo": "default",
        "type": "github"
      }
    },
    "systems_2": {
      "locked": {
        "lastModified": 1681028828,
        "narHash": "sha256-Vy1rq5AaRuLzOxct8nz4T6wlgyUR7zLU309k9mBC768=",
        "owner": "nix-systems",
        "repo": "default",
        "rev": "da67096a3b9bf56a91d16901293e51ba5b49a27e",
        "type": "github"
      },
      "original": {
        "owner": "nix-systems",
        "repo": "default",
        "type": "github"
      }
    }
  },
  "root": "root",
  "version": 7
}
